
Microsoft Visual Studio Solution File, Format Version 12.00
# Visual Studio Version 17
VisualStudioVersion = 17.2.32526.322
MinimumVisualStudioVersion = 10.0.40219.1
Project("{FAE04EC0-301F-11D3-BF4B-00C04F79EFBC}") = "Data", "Data\Data.csproj", "{E37EA47A-E6AF-4DBA-A18E-077B8D4EE8DE}"
EndProject
Project("{FAE04EC0-301F-11D3-BF4B-00C04F79EFBC}") = "WebApi", "WebApi\WebApi.csproj", "{EEB39124-9BE0-428D-AACA-E468E875BDBD}"
EndProject
Global
	GlobalSection(SolutionConfigurationPlatforms) = preSolution
		Debug|Any CPU = Debug|Any CPU
		Release|Any CPU = Release|Any CPU
	EndGlobalSection
	GlobalSection(ProjectConfigurationPlatforms) = postSolution
		{E37EA47A-E6AF-4DBA-A18E-077B8D4EE8DE}.Debug|Any CPU.ActiveCfg = Debug|Any CPU
		{E37EA47A-E6AF-4DBA-A18E-077B8D4EE8DE}.Debug|Any CPU.Build.0 = Debug|Any CPU
		{E37EA47A-E6AF-4DBA-A18E-077B8D4EE8DE}.Release|Any CPU.ActiveCfg = Release|Any CPU
		{E37EA47A-E6AF-4DBA-A18E-077B8D4EE8DE}.Release|Any CPU.Build.0 = Release|Any CPU
		{EEB39124-9BE0-428D-AACA-E468E875BDBD}.Debug|Any CPU.ActiveCfg = Debug|Any CPU
		{EEB39124-9BE0-428D-AACA-E468E875BDBD}.Debug|Any CPU.Build.0 = Debug|Any CPU
		{EEB39124-9BE0-428D-AACA-E468E875BDBD}.Release|Any CPU.ActiveCfg = Release|Any CPU
		{EEB39124-9BE0-428D-AACA-E468E875BDBD}.Release|Any CPU.Build.0 = Release|Any CPU
	EndGlobalSection
	GlobalSection(SolutionProperties) = preSolution
		HideSolutionNode = FALSE
	EndGlobalSection
	GlobalSection(ExtensibilityGlobals) = postSolution
		SolutionGuid = {6F36AA29-510E-46C5-8911-196A4691B313}
	EndGlobalSection
EndGlobal
